// !$*UTF8*$!
{
	archiveVersion = 1;
	classes = {
	};
	objectVersion = 56;
	objects = {

/* Begin PBXBuildFile section */
		7056577C2A0D4F3B00C7E791 /* AppDelegate.swift in Sources */ = {isa = PBXBuildFile; fileRef = 7056577B2A0D4F3B00C7E791 /* AppDelegate.swift */; };
		705657802A0D4F3B00C7E791 /* HomeController.swift in Sources */ = {isa = PBXBuildFile; fileRef = 7056577F2A0D4F3B00C7E791 /* HomeController.swift */; };
		705657862A0D4F3B00C7E791 /* Deezer.xcdatamodeld in Sources */ = {isa = PBXBuildFile; fileRef = 705657842A0D4F3B00C7E791 /* Deezer.xcdatamodeld */; };
		705657882A0D4F3D00C7E791 /* Assets.xcassets in Resources */ = {isa = PBXBuildFile; fileRef = 705657872A0D4F3D00C7E791 /* Assets.xcassets */; };
		7056578B2A0D4F3D00C7E791 /* LaunchScreen.storyboard in Resources */ = {isa = PBXBuildFile; fileRef = 705657892A0D4F3D00C7E791 /* LaunchScreen.storyboard */; };
		7056579B2A0D51C600C7E791 /* UIView+Extensions.swift in Sources */ = {isa = PBXBuildFile; fileRef = 7056579A2A0D51C600C7E791 /* UIView+Extensions.swift */; };
		7056579D2A0D626200C7E791 /* MainTabController.swift in Sources */ = {isa = PBXBuildFile; fileRef = 7056579C2A0D626200C7E791 /* MainTabController.swift */; };
		7056579F2A0D63AB00C7E791 /* UIImage+Extensions.swift in Sources */ = {isa = PBXBuildFile; fileRef = 7056579E2A0D63AB00C7E791 /* UIImage+Extensions.swift */; };
		705657A12A0D650B00C7E791 /* Constants.swift in Sources */ = {isa = PBXBuildFile; fileRef = 705657A02A0D650B00C7E791 /* Constants.swift */; };
/* End PBXBuildFile section */

/* Begin PBXFileReference section */
		705657782A0D4F3B00C7E791 /* Deezer.app */ = {isa = PBXFileReference; explicitFileType = wrapper.application; includeInIndex = 0; path = Deezer.app; sourceTree = BUILT_PRODUCTS_DIR; };
		7056577B2A0D4F3B00C7E791 /* AppDelegate.swift */ = {isa = PBXFileReference; lastKnownFileType = sourcecode.swift; path = AppDelegate.swift; sourceTree = "<group>"; };
		7056577F2A0D4F3B00C7E791 /* HomeController.swift */ = {isa = PBXFileReference; lastKnownFileType = sourcecode.swift; path = HomeController.swift; sourceTree = "<group>"; };
		705657852A0D4F3B00C7E791 /* Deezer.xcdatamodel */ = {isa = PBXFileReference; lastKnownFileType = wrapper.xcdatamodel; path = Deezer.xcdatamodel; sourceTree = "<group>"; };
		705657872A0D4F3D00C7E791 /* Assets.xcassets */ = {isa = PBXFileReference; lastKnownFileType = folder.assetcatalog; path = Assets.xcassets; sourceTree = "<group>"; };
		7056578A2A0D4F3D00C7E791 /* Base */ = {isa = PBXFileReference; lastKnownFileType = file.storyboard; name = Base; path = Base.lproj/LaunchScreen.storyboard; sourceTree = "<group>"; };
		7056578C2A0D4F3D00C7E791 /* Info.plist */ = {isa = PBXFileReference; lastKnownFileType = text.plist.xml; path = Info.plist; sourceTree = "<group>"; };
		7056579A2A0D51C600C7E791 /* UIView+Extensions.swift */ = {isa = PBXFileReference; lastKnownFileType = sourcecode.swift; path = "UIView+Extensions.swift"; sourceTree = "<group>"; };
		7056579C2A0D626200C7E791 /* MainTabController.swift */ = {isa = PBXFileReference; lastKnownFileType = sourcecode.swift; path = MainTabController.swift; sourceTree = "<group>"; };
		7056579E2A0D63AB00C7E791 /* UIImage+Extensions.swift */ = {isa = PBXFileReference; lastKnownFileType = sourcecode.swift; path = "UIImage+Extensions.swift"; sourceTree = "<group>"; };
		705657A02A0D650B00C7E791 /* Constants.swift */ = {isa = PBXFileReference; lastKnownFileType = sourcecode.swift; path = Constants.swift; sourceTree = "<group>"; };
/* End PBXFileReference section */

/* Begin PBXFrameworksBuildPhase section */
		705657752A0D4F3B00C7E791 /* Frameworks */ = {
			isa = PBXFrameworksBuildPhase;
			buildActionMask = 2147483647;
			files = (
			);
			runOnlyForDeploymentPostprocessing = 0;
		};
/* End PBXFrameworksBuildPhase section */

/* Begin PBXGroup section */
		7056576F2A0D4F3B00C7E791 = {
			isa = PBXGroup;
			children = (
				7056577A2A0D4F3B00C7E791 /* Deezer */,
				705657792A0D4F3B00C7E791 /* Products */,
			);
			sourceTree = "<group>";
		};
		705657792A0D4F3B00C7E791 /* Products */ = {
			isa = PBXGroup;
			children = (
				705657782A0D4F3B00C7E791 /* Deezer.app */,
			);
			name = Products;
			sourceTree = "<group>";
		};
		7056577A2A0D4F3B00C7E791 /* Deezer */ = {
			isa = PBXGroup;
			children = (
				705657A02A0D650B00C7E791 /* Constants.swift */,
				705657962A0D4FD400C7E791 /* Controller */,
				705657982A0D51A600C7E791 /* Extensions */,
				705657972A0D50D700C7E791 /* Files */,
			);
			path = Deezer;
			sourceTree = "<group>";
		};
		705657962A0D4FD400C7E791 /* Controller */ = {
			isa = PBXGroup;
			children = (
				7056577F2A0D4F3B00C7E791 /* HomeController.swift */,
				7056579C2A0D626200C7E791 /* MainTabController.swift */,
			);
			path = Controller;
			sourceTree = "<group>";
		};
		705657972A0D50D700C7E791 /* Files */ = {
			isa = PBXGroup;
			children = (
				7056577B2A0D4F3B00C7E791 /* AppDelegate.swift */,
				705657892A0D4F3D00C7E791 /* LaunchScreen.storyboard */,
				705657872A0D4F3D00C7E791 /* Assets.xcassets */,
				705657842A0D4F3B00C7E791 /* Deezer.xcdatamodeld */,
				7056578C2A0D4F3D00C7E791 /* Info.plist */,
			);
			name = Files;
			sourceTree = "<group>";
		};
		705657982A0D51A600C7E791 /* Extensions */ = {
			isa = PBXGroup;
			children = (
				705657992A0D51AE00C7E791 /* UIKit */,
			);
			path = Extensions;
			sourceTree = "<group>";
		};
		705657992A0D51AE00C7E791 /* UIKit */ = {
			isa = PBXGroup;
			children = (
				7056579A2A0D51C600C7E791 /* UIView+Extensions.swift */,
				7056579E2A0D63AB00C7E791 /* UIImage+Extensions.swift */,
			);
			path = UIKit;
			sourceTree = "<group>";
		};
/* End PBXGroup section */

/* Begin PBXNativeTarget section */
		705657772A0D4F3B00C7E791 /* Deezer */ = {
			isa = PBXNativeTarget;
			buildConfigurationList = 7056578F2A0D4F3D00C7E791 /* Build configuration list for PBXNativeTarget "Deezer" */;
			buildPhases = (
				705657742A0D4F3B00C7E791 /* Sources */,
				705657752A0D4F3B00C7E791 /* Frameworks */,
				705657762A0D4F3B00C7E791 /* Resources */,
			);
			buildRules = (
			);
			dependencies = (
			);
			name = Deezer;
			productName = Deezer;
			productReference = 705657782A0D4F3B00C7E791 /* Deezer.app */;
			productType = "com.apple.product-type.application";
		};
/* End PBXNativeTarget section */

/* Begin PBXProject section */
		705657702A0D4F3B00C7E791 /* Project object */ = {
			isa = PBXProject;
			attributes = {
				BuildIndependentTargetsInParallel = 1;
				LastSwiftUpdateCheck = 1420;
				LastUpgradeCheck = 1420;
				TargetAttributes = {
					705657772A0D4F3B00C7E791 = {
						CreatedOnToolsVersion = 14.2;
					};
				};
			};
			buildConfigurationList = 705657732A0D4F3B00C7E791 /* Build configuration list for PBXProject "Deezer" */;
			compatibilityVersion = "Xcode 14.0";
			developmentRegion = en;
			hasScannedForEncodings = 0;
			knownRegions = (
				en,
				Base,
			);
			mainGroup = 7056576F2A0D4F3B00C7E791;
			productRefGroup = 705657792A0D4F3B00C7E791 /* Products */;
			projectDirPath = "";
			projectRoot = "";
			targets = (
				705657772A0D4F3B00C7E791 /* Deezer */,
			);
		};
/* End PBXProject section */

/* Begin PBXResourcesBuildPhase section */
		705657762A0D4F3B00C7E791 /* Resources */ = {
			isa = PBXResourcesBuildPhase;
			buildActionMask = 2147483647;
			files = (
				7056578B2A0D4F3D00C7E791 /* LaunchScreen.storyboard in Resources */,
				705657882A0D4F3D00C7E791 /* Assets.xcassets in Resources */,
			);
			runOnlyForDeploymentPostprocessing = 0;
		};
/* End PBXResourcesBuildPhase section */

/* Begin PBXSourcesBuildPhase section */
		705657742A0D4F3B00C7E791 /* Sources */ = {
			isa = PBXSourcesBuildPhase;
			buildActionMask = 2147483647;
			files = (
				705657802A0D4F3B00C7E791 /* HomeController.swift in Sources */,
				7056577C2A0D4F3B00C7E791 /* AppDelegate.swift in Sources */,
				7056579D2A0D626200C7E791 /* MainTabController.swift in Sources */,
				7056579F2A0D63AB00C7E791 /* UIImage+Extensions.swift in Sources */,
				705657A12A0D650B00C7E791 /* Constants.swift in Sources */,
				7056579B2A0D51C600C7E791 /* UIView+Extensions.swift in Sources */,
				705657862A0D4F3B00C7E791 /* Deezer.xcdatamodeld in Sources */,
			);
			runOnlyForDeploymentPostprocessing = 0;
		};
/* End PBXSourcesBuildPhase section */

/* Begin PBXVariantGroup section */
		705657892A0D4F3D00C7E791 /* LaunchScreen.storyboard */ = {
			isa = PBXVariantGroup;
			children = (
				7056578A2A0D4F3D00C7E791 /* Base */,
			);
			name = LaunchScreen.storyboard;
			sourceTree = "<group>";
		};
/* End PBXVariantGroup section */

/* Begin XCBuildConfiguration section */
		7056578D2A0D4F3D00C7E791 /* Debug */ = {
			isa = XCBuildConfiguration;
			buildSettings = {
				ALWAYS_SEARCH_USER_PATHS = NO;
				CLANG_ANALYZER_NONNULL = YES;
				CLANG_ANALYZER_NUMBER_OBJECT_CONVERSION = YES_AGGRESSIVE;
				CLANG_CXX_LANGUAGE_STANDARD = "gnu++20";
				CLANG_ENABLE_MODULES = YES;
				CLANG_ENABLE_OBJC_ARC = YES;
				CLANG_ENABLE_OBJC_WEAK = YES;
				CLANG_WARN_BLOCK_CAPTURE_AUTORELEASING = YES;
				CLANG_WARN_BOOL_CONVERSION = YES;
				CLANG_WARN_COMMA = YES;
				CLANG_WARN_CONSTANT_CONVERSION = YES;
				CLANG_WARN_DEPRECATED_OBJC_IMPLEMENTATIONS = YES;
				CLANG_WARN_DIRECT_OBJC_ISA_USAGE = YES_ERROR;
				CLANG_WARN_DOCUMENTATION_COMMENTS = YES;
				CLANG_WARN_EMPTY_BODY = YES;
				CLANG_WARN_ENUM_CONVERSION = YES;
				CLANG_WARN_INFINITE_RECURSION = YES;
				CLANG_WARN_INT_CONVERSION = YES;
				CLANG_WARN_NON_LITERAL_NULL_CONVERSION = YES;
				CLANG_WARN_OBJC_IMPLICIT_RETAIN_SELF = YES;
				CLANG_WARN_OBJC_LITERAL_CONVERSION = YES;
				CLANG_WARN_OBJC_ROOT_CLASS = YES_ERROR;
				CLANG_WARN_QUOTED_INCLUDE_IN_FRAMEWORK_HEADER = YES;
				CLANG_WARN_RANGE_LOOP_ANALYSIS = YES;
				CLANG_WARN_STRICT_PROTOTYPES = YES;
				CLANG_WARN_SUSPICIOUS_MOVE = YES;
				CLANG_WARN_UNGUARDED_AVAILABILITY = YES_AGGRESSIVE;
				CLANG_WARN_UNREACHABLE_CODE = YES;
				CLANG_WARN__DUPLICATE_METHOD_MATCH = YES;
				COPY_PHASE_STRIP = NO;
				DEBUG_INFORMATION_FORMAT = dwarf;
				ENABLE_STRICT_OBJC_MSGSEND = YES;
				ENABLE_TESTABILITY = YES;
				GCC_C_LANGUAGE_STANDARD = gnu11;
				GCC_DYNAMIC_NO_PIC = NO;
				GCC_NO_COMMON_BLOCKS = YES;
				GCC_OPTIMIZATION_LEVEL = 0;
				GCC_PREPROCESSOR_DEFINITIONS = (
					"DEBUG=1",
					"$(inherited)",
				);
				GCC_WARN_64_TO_32_BIT_CONVERSION = YES;
				GCC_WARN_ABOUT_RETURN_TYPE = YES_ERROR;
				GCC_WARN_UNDECLARED_SELECTOR = YES;
				GCC_WARN_UNINITIALIZED_AUTOS = YES_AGGRESSIVE;
				GCC_WARN_UNUSED_FUNCTION = YES;
				GCC_WARN_UNUSED_VARIABLE = YES;
				IPHONEOS_DEPLOYMENT_TARGET = 13.0;
				MTL_ENABLE_DEBUG_INFO = INCLUDE_SOURCE;
				MTL_FAST_MATH = YES;
				ONLY_ACTIVE_ARCH = YES;
				SDKROOT = iphoneos;
				SWIFT_ACTIVE_COMPILATION_CONDITIONS = DEBUG;
				SWIFT_OPTIMIZATION_LEVEL = "-Onone";
			};
			name = Debug;
		};
		7056578E2A0D4F3D00C7E791 /* Release */ = {
			isa = XCBuildConfiguration;
			buildSettings = {
				ALWAYS_SEARCH_USER_PATHS = NO;
				CLANG_ANALYZER_NONNULL = YES;
				CLANG_ANALYZER_NUMBER_OBJECT_CONVERSION = YES_AGGRESSIVE;
				CLANG_CXX_LANGUAGE_STANDARD = "gnu++20";
				CLANG_ENABLE_MODULES = YES;
				CLANG_ENABLE_OBJC_ARC = YES;
				CLANG_ENABLE_OBJC_WEAK = YES;
				CLANG_WARN_BLOCK_CAPTURE_AUTORELEASING = YES;
				CLANG_WARN_BOOL_CONVERSION = YES;
				CLANG_WARN_COMMA = YES;
				CLANG_WARN_CONSTANT_CONVERSION = YES;
				CLANG_WARN_DEPRECATED_OBJC_IMPLEMENTATIONS = YES;
				CLANG_WARN_DIRECT_OBJC_ISA_USAGE = YES_ERROR;
				CLANG_WARN_DOCUMENTATION_COMMENTS = YES;
				CLANG_WARN_EMPTY_BODY = YES;
				CLANG_WARN_ENUM_CONVERSION = YES;
				CLANG_WARN_INFINITE_RECURSION = YES;
				CLANG_WARN_INT_CONVERSION = YES;
				CLANG_WARN_NON_LITERAL_NULL_CONVERSION = YES;
				CLANG_WARN_OBJC_IMPLICIT_RETAIN_SELF = YES;
				CLANG_WARN_OBJC_LITERAL_CONVERSION = YES;
				CLANG_WARN_OBJC_ROOT_CLASS = YES_ERROR;
				CLANG_WARN_QUOTED_INCLUDE_IN_FRAMEWORK_HEADER = YES;
				CLANG_WARN_RANGE_LOOP_ANALYSIS = YES;
				CLANG_WARN_STRICT_PROTOTYPES = YES;
				CLANG_WARN_SUSPICIOUS_MOVE = YES;
				CLANG_WARN_UNGUARDED_AVAILABILITY = YES_AGGRESSIVE;
				CLANG_WARN_UNREACHABLE_CODE = YES;
				CLANG_WARN__DUPLICATE_METHOD_MATCH = YES;
				COPY_PHASE_STRIP = NO;
				DEBUG_INFORMATION_FORMAT = "dwarf-with-dsym";
				ENABLE_NS_ASSERTIONS = NO;
				ENABLE_STRICT_OBJC_MSGSEND = YES;
				GCC_C_LANGUAGE_STANDARD = gnu11;
				GCC_NO_COMMON_BLOCKS = YES;
				GCC_WARN_64_TO_32_BIT_CONVERSION = YES;
				GCC_WARN_ABOUT_RETURN_TYPE = YES_ERROR;
				GCC_WARN_UNDECLARED_SELECTOR = YES;
				GCC_WARN_UNINITIALIZED_AUTOS = YES_AGGRESSIVE;
				GCC_WARN_UNUSED_FUNCTION = YES;
				GCC_WARN_UNUSED_VARIABLE = YES;
				IPHONEOS_DEPLOYMENT_TARGET = 13.0;
				MTL_ENABLE_DEBUG_INFO = NO;
				MTL_FAST_MATH = YES;
				SDKROOT = iphoneos;
				SWIFT_COMPILATION_MODE = wholemodule;
				SWIFT_OPTIMIZATION_LEVEL = "-O";
				VALIDATE_PRODUCT = YES;
			};
			name = Release;
		};
		705657902A0D4F3D00C7E791 /* Debug */ = {
			isa = XCBuildConfiguration;
			buildSettings = {
				ASSETCATALOG_COMPILER_APPICON_NAME = AppIcon;
				ASSETCATALOG_COMPILER_GLOBAL_ACCENT_COLOR_NAME = AccentColor;
				CODE_SIGN_STYLE = Automatic;
				CURRENT_PROJECT_VERSION = 1;
				DEVELOPMENT_TEAM = UA5J3LA7RU;
				GENERATE_INFOPLIST_FILE = YES;
				INFOPLIST_FILE = Deezer/Info.plist;
				INFOPLIST_KEY_UIApplicationSupportsIndirectInputEvents = YES;
				INFOPLIST_KEY_UILaunchStoryboardName = LaunchScreen;
				INFOPLIST_KEY_UISupportedInterfaceOrientations_iPad = "UIInterfaceOrientationPortrait UIInterfaceOrientationPortraitUpsideDown UIInterfaceOrientationLandscapeLeft UIInterfaceOrientationLandscapeRight";
				INFOPLIST_KEY_UISupportedInterfaceOrientations_iPhone = "UIInterfaceOrientationPortrait UIInterfaceOrientationLandscapeLeft UIInterfaceOrientationLandscapeRight";
				IPHONEOS_DEPLOYMENT_TARGET = 13.0;
				LD_RUNPATH_SEARCH_PATHS = (
					"$(inherited)",
					"@executable_path/Frameworks",
				);
				MARKETING_VERSION = 1.0;
				PRODUCT_BUNDLE_IDENTIFIER = com.ibrahimuysal.Deezer;
				PRODUCT_NAME = "$(TARGET_NAME)";
				SWIFT_EMIT_LOC_STRINGS = YES;
				SWIFT_VERSION = 5.0;
				TARGETED_DEVICE_FAMILY = "1,2";
			};
			name = Debug;
		};
		705657912A0D4F3D00C7E791 /* Release */ = {
			isa = XCBuildConfiguration;
			buildSettings = {
				ASSETCATALOG_COMPILER_APPICON_NAME = AppIcon;
				ASSETCATALOG_COMPILER_GLOBAL_ACCENT_COLOR_NAME = AccentColor;
				CODE_SIGN_STYLE = Automatic;
				CURRENT_PROJECT_VERSION = 1;
				DEVELOPMENT_TEAM = UA5J3LA7RU;
				GENERATE_INFOPLIST_FILE = YES;
				INFOPLIST_FILE = Deezer/Info.plist;
				INFOPLIST_KEY_UIApplicationSupportsIndirectInputEvents = YES;
				INFOPLIST_KEY_UILaunchStoryboardName = LaunchScreen;
				INFOPLIST_KEY_UISupportedInterfaceOrientations_iPad = "UIInterfaceOrientationPortrait UIInterfaceOrientationPortraitUpsideDown UIInterfaceOrientationLandscapeLeft UIInterfaceOrientationLandscapeRight";
				INFOPLIST_KEY_UISupportedInterfaceOrientations_iPhone = "UIInterfaceOrientationPortrait UIInterfaceOrientationLandscapeLeft UIInterfaceOrientationLandscapeRight";
				IPHONEOS_DEPLOYMENT_TARGET = 13.0;
				LD_RUNPATH_SEARCH_PATHS = (
					"$(inherited)",
					"@executable_path/Frameworks",
				);
				MARKETING_VERSION = 1.0;
				PRODUCT_BUNDLE_IDENTIFIER = com.ibrahimuysal.Deezer;
				PRODUCT_NAME = "$(TARGET_NAME)";
				SWIFT_EMIT_LOC_STRINGS = YES;
				SWIFT_VERSION = 5.0;
				TARGETED_DEVICE_FAMILY = "1,2";
			};
			name = Release;
		};
/* End XCBuildConfiguration section */

/* Begin XCConfigurationList section */
		705657732A0D4F3B00C7E791 /* Build configuration list for PBXProject "Deezer" */ = {
			isa = XCConfigurationList;
			buildConfigurations = (
				7056578D2A0D4F3D00C7E791 /* Debug */,
				7056578E2A0D4F3D00C7E791 /* Release */,
			);
			defaultConfigurationIsVisible = 0;
			defaultConfigurationName = Release;
		};
		7056578F2A0D4F3D00C7E791 /* Build configuration list for PBXNativeTarget "Deezer" */ = {
			isa = XCConfigurationList;
			buildConfigurations = (
				705657902A0D4F3D00C7E791 /* Debug */,
				705657912A0D4F3D00C7E791 /* Release */,
			);
			defaultConfigurationIsVisible = 0;
			defaultConfigurationName = Release;
		};
/* End XCConfigurationList section */

/* Begin XCVersionGroup section */
		705657842A0D4F3B00C7E791 /* Deezer.xcdatamodeld */ = {
			isa = XCVersionGroup;
			children = (
				705657852A0D4F3B00C7E791 /* Deezer.xcdatamodel */,
			);
			currentVersion = 705657852A0D4F3B00C7E791 /* Deezer.xcdatamodel */;
			path = Deezer.xcdatamodeld;
			sourceTree = "<group>";
			versionGroupType = wrapper.xcdatamodel;
		};
/* End XCVersionGroup section */
	};
	rootObject = 705657702A0D4F3B00C7E791 /* Project object */;
}
